// !$*UTF8*$!
{
	archiveVersion = 1;
	classes = {
	};
	objectVersion = 50;
	objects = {

/* Begin PBXBuildFile section */
		3440612226411BDC0074CAB2 /* FoodDeliveryApp.swift in Sources */ = {isa = PBXBuildFile; fileRef = 3440612126411BDC0074CAB2 /* FoodDeliveryApp.swift */; };
		3440612426411BDC0074CAB2 /* ContentView.swift in Sources */ = {isa = PBXBuildFile; fileRef = 3440612326411BDC0074CAB2 /* ContentView.swift */; };
		3440612626411BE30074CAB2 /* Assets.xcassets in Resources */ = {isa = PBXBuildFile; fileRef = 3440612526411BE30074CAB2 /* Assets.xcassets */; };
		3440612926411BE30074CAB2 /* Preview Assets.xcassets in Resources */ = {isa = PBXBuildFile; fileRef = 3440612826411BE30074CAB2 /* Preview Assets.xcassets */; };
		3440613426411BE40074CAB2 /* FoodDeliveryTests.swift in Sources */ = {isa = PBXBuildFile; fileRef = 3440613326411BE40074CAB2 /* FoodDeliveryTests.swift */; };
		3440613F26411BE40074CAB2 /* FoodDeliveryUITests.swift in Sources */ = {isa = PBXBuildFile; fileRef = 3440613E26411BE40074CAB2 /* FoodDeliveryUITests.swift */; };
		3440614E26411C500074CAB2 /* HomeView.swift in Sources */ = {isa = PBXBuildFile; fileRef = 3440614D26411C500074CAB2 /* HomeView.swift */; };
		344061512641205C0074CAB2 /* Bottles.swift in Sources */ = {isa = PBXBuildFile; fileRef = 344061502641205C0074CAB2 /* Bottles.swift */; };
		34406155264127E80074CAB2 /* DetailView.swift in Sources */ = {isa = PBXBuildFile; fileRef = 34406154264127E80074CAB2 /* DetailView.swift */; };
/* End PBXBuildFile section */

/* Begin PBXContainerItemProxy section */
		3440613026411BE40074CAB2 /* PBXContainerItemProxy */ = {
			isa = PBXContainerItemProxy;
			containerPortal = 3440611626411BDB0074CAB2 /* Project object */;
			proxyType = 1;
			remoteGlobalIDString = 3440611D26411BDC0074CAB2;
			remoteInfo = FoodDelivery;
		};
		3440613B26411BE40074CAB2 /* PBXContainerItemProxy */ = {
			isa = PBXContainerItemProxy;
			containerPortal = 3440611626411BDB0074CAB2 /* Project object */;
			proxyType = 1;
			remoteGlobalIDString = 3440611D26411BDC0074CAB2;
			remoteInfo = FoodDelivery;
		};
/* End PBXContainerItemProxy section */

/* Begin PBXFileReference section */
		3440611E26411BDC0074CAB2 /* FoodDelivery.app */ = {isa = PBXFileReference; explicitFileType = wrapper.application; includeInIndex = 0; path = FoodDelivery.app; sourceTree = BUILT_PRODUCTS_DIR; };
		3440612126411BDC0074CAB2 /* FoodDeliveryApp.swift */ = {isa = PBXFileReference; lastKnownFileType = sourcecode.swift; path = FoodDeliveryApp.swift; sourceTree = "<group>"; };
		3440612326411BDC0074CAB2 /* ContentView.swift */ = {isa = PBXFileReference; lastKnownFileType = sourcecode.swift; path = ContentView.swift; sourceTree = "<group>"; };
		3440612526411BE30074CAB2 /* Assets.xcassets */ = {isa = PBXFileReference; lastKnownFileType = folder.assetcatalog; path = Assets.xcassets; sourceTree = "<group>"; };
		3440612826411BE30074CAB2 /* Preview Assets.xcassets */ = {isa = PBXFileReference; lastKnownFileType = folder.assetcatalog; path = "Preview Assets.xcassets"; sourceTree = "<group>"; };
		3440612A26411BE30074CAB2 /* Info.plist */ = {isa = PBXFileReference; lastKnownFileType = text.plist.xml; path = Info.plist; sourceTree = "<group>"; };
		3440612F26411BE40074CAB2 /* FoodDeliveryTests.xctest */ = {isa = PBXFileReference; explicitFileType = wrapper.cfbundle; includeInIndex = 0; path = FoodDeliveryTests.xctest; sourceTree = BUILT_PRODUCTS_DIR; };
		3440613326411BE40074CAB2 /* FoodDeliveryTests.swift */ = {isa = PBXFileReference; lastKnownFileType = sourcecode.swift; path = FoodDeliveryTests.swift; sourceTree = "<group>"; };
		3440613526411BE40074CAB2 /* Info.plist */ = {isa = PBXFileReference; lastKnownFileType = text.plist.xml; path = Info.plist; sourceTree = "<group>"; };
		3440613A26411BE40074CAB2 /* FoodDeliveryUITests.xctest */ = {isa = PBXFileReference; explicitFileType = wrapper.cfbundle; includeInIndex = 0; path = FoodDeliveryUITests.xctest; sourceTree = BUILT_PRODUCTS_DIR; };
		3440613E26411BE40074CAB2 /* FoodDeliveryUITests.swift */ = {isa = PBXFileReference; lastKnownFileType = sourcecode.swift; path = FoodDeliveryUITests.swift; sourceTree = "<group>"; };
		3440614026411BE40074CAB2 /* Info.plist */ = {isa = PBXFileReference; lastKnownFileType = text.plist.xml; path = Info.plist; sourceTree = "<group>"; };
		3440614D26411C500074CAB2 /* HomeView.swift */ = {isa = PBXFileReference; lastKnownFileType = sourcecode.swift; path = HomeView.swift; sourceTree = "<group>"; };
		344061502641205C0074CAB2 /* Bottles.swift */ = {isa = PBXFileReference; lastKnownFileType = sourcecode.swift; path = Bottles.swift; sourceTree = "<group>"; };
		34406154264127E80074CAB2 /* DetailView.swift */ = {isa = PBXFileReference; lastKnownFileType = sourcecode.swift; path = DetailView.swift; sourceTree = "<group>"; };
/* End PBXFileReference section */

/* Begin PBXFrameworksBuildPhase section */
		3440611B26411BDC0074CAB2 /* Frameworks */ = {
			isa = PBXFrameworksBuildPhase;
			buildActionMask = 2147483647;
			files = (
			);
			runOnlyForDeploymentPostprocessing = 0;
		};
		3440612C26411BE40074CAB2 /* Frameworks */ = {
			isa = PBXFrameworksBuildPhase;
			buildActionMask = 2147483647;
			files = (
			);
			runOnlyForDeploymentPostprocessing = 0;
		};
		3440613726411BE40074CAB2 /* Frameworks */ = {
			isa = PBXFrameworksBuildPhase;
			buildActionMask = 2147483647;
			files = (
			);
			runOnlyForDeploymentPostprocessing = 0;
		};
/* End PBXFrameworksBuildPhase section */

/* Begin PBXGroup section */
		3440611526411BDB0074CAB2 = {
			isa = PBXGroup;
			children = (
				3440612026411BDC0074CAB2 /* FoodDelivery */,
				3440613226411BE40074CAB2 /* FoodDeliveryTests */,
				3440613D26411BE40074CAB2 /* FoodDeliveryUITests */,
				3440611F26411BDC0074CAB2 /* Products */,
			);
			sourceTree = "<group>";
		};
		3440611F26411BDC0074CAB2 /* Products */ = {
			isa = PBXGroup;
			children = (
				3440611E26411BDC0074CAB2 /* FoodDelivery.app */,
				3440612F26411BE40074CAB2 /* FoodDeliveryTests.xctest */,
				3440613A26411BE40074CAB2 /* FoodDeliveryUITests.xctest */,
			);
			name = Products;
			sourceTree = "<group>";
		};
		3440612026411BDC0074CAB2 /* FoodDelivery */ = {
			isa = PBXGroup;
			children = (
				3440614F2641203A0074CAB2 /* Model */,
				3440614C26411C410074CAB2 /* Screen */,
				3440612126411BDC0074CAB2 /* FoodDeliveryApp.swift */,
				3440612326411BDC0074CAB2 /* ContentView.swift */,
				3440612526411BE30074CAB2 /* Assets.xcassets */,
				3440612A26411BE30074CAB2 /* Info.plist */,
				3440612726411BE30074CAB2 /* Preview Content */,
			);
			path = FoodDelivery;
			sourceTree = "<group>";
		};
		3440612726411BE30074CAB2 /* Preview Content */ = {
			isa = PBXGroup;
			children = (
				3440612826411BE30074CAB2 /* Preview Assets.xcassets */,
			);
			path = "Preview Content";
			sourceTree = "<group>";
		};
		3440613226411BE40074CAB2 /* FoodDeliveryTests */ = {
			isa = PBXGroup;
			children = (
				3440613326411BE40074CAB2 /* FoodDeliveryTests.swift */,
				3440613526411BE40074CAB2 /* Info.plist */,
			);
			path = FoodDeliveryTests;
			sourceTree = "<group>";
		};
		3440613D26411BE40074CAB2 /* FoodDeliveryUITests */ = {
			isa = PBXGroup;
			children = (
				3440613E26411BE40074CAB2 /* FoodDeliveryUITests.swift */,
				3440614026411BE40074CAB2 /* Info.plist */,
			);
			path = FoodDeliveryUITests;
			sourceTree = "<group>";
		};
		3440614C26411C410074CAB2 /* Screen */ = {
			isa = PBXGroup;
			children = (
				3440614D26411C500074CAB2 /* HomeView.swift */,
				34406154264127E80074CAB2 /* DetailView.swift */,
			);
			path = Screen;
			sourceTree = "<group>";
		};
		3440614F2641203A0074CAB2 /* Model */ = {
			isa = PBXGroup;
			children = (
				344061502641205C0074CAB2 /* Bottles.swift */,
			);
			path = Model;
			sourceTree = "<group>";
		};
/* End PBXGroup section */

/* Begin PBXNativeTarget section */
		3440611D26411BDC0074CAB2 /* FoodDelivery */ = {
			isa = PBXNativeTarget;
			buildConfigurationList = 3440614326411BE40074CAB2 /* Build configuration list for PBXNativeTarget "FoodDelivery" */;
			buildPhases = (
				3440611A26411BDC0074CAB2 /* Sources */,
				3440611B26411BDC0074CAB2 /* Frameworks */,
				3440611C26411BDC0074CAB2 /* Resources */,
			);
			buildRules = (
			);
			dependencies = (
			);
			name = FoodDelivery;
			productName = FoodDelivery;
			productReference = 3440611E26411BDC0074CAB2 /* FoodDelivery.app */;
			productType = "com.apple.product-type.application";
		};
		3440612E26411BE40074CAB2 /* FoodDeliveryTests */ = {
			isa = PBXNativeTarget;
			buildConfigurationList = 3440614626411BE40074CAB2 /* Build configuration list for PBXNativeTarget "FoodDeliveryTests" */;
			buildPhases = (
				3440612B26411BE40074CAB2 /* Sources */,
				3440612C26411BE40074CAB2 /* Frameworks */,
				3440612D26411BE40074CAB2 /* Resources */,
			);
			buildRules = (
			);
			dependencies = (
				3440613126411BE40074CAB2 /* PBXTargetDependency */,
			);
			name = FoodDeliveryTests;
			productName = FoodDeliveryTests;
			productReference = 3440612F26411BE40074CAB2 /* FoodDeliveryTests.xctest */;
			productType = "com.apple.product-type.bundle.unit-test";
		};
		3440613926411BE40074CAB2 /* FoodDeliveryUITests */ = {
			isa = PBXNativeTarget;
			buildConfigurationList = 3440614926411BE40074CAB2 /* Build configuration list for PBXNativeTarget "FoodDeliveryUITests" */;
			buildPhases = (
				3440613626411BE40074CAB2 /* Sources */,
				3440613726411BE40074CAB2 /* Frameworks */,
				3440613826411BE40074CAB2 /* Resources */,
			);
			buildRules = (
			);
			dependencies = (
				3440613C26411BE40074CAB2 /* PBXTargetDependency */,
			);
			name = FoodDeliveryUITests;
			productName = FoodDeliveryUITests;
			productReference = 3440613A26411BE40074CAB2 /* FoodDeliveryUITests.xctest */;
			productType = "com.apple.product-type.bundle.ui-testing";
		};
/* End PBXNativeTarget section */

/* Begin PBXProject section */
		3440611626411BDB0074CAB2 /* Project object */ = {
			isa = PBXProject;
			attributes = {
				LastSwiftUpdateCheck = 1250;
				LastUpgradeCheck = 1250;
				TargetAttributes = {
					3440611D26411BDC0074CAB2 = {
						CreatedOnToolsVersion = 12.5;
					};
					3440612E26411BE40074CAB2 = {
						CreatedOnToolsVersion = 12.5;
						TestTargetID = 3440611D26411BDC0074CAB2;
					};
					3440613926411BE40074CAB2 = {
						CreatedOnToolsVersion = 12.5;
						TestTargetID = 3440611D26411BDC0074CAB2;
					};
				};
			};
			buildConfigurationList = 3440611926411BDB0074CAB2 /* Build configuration list for PBXProject "FoodDelivery" */;
			compatibilityVersion = "Xcode 9.3";
			developmentRegion = en;
			hasScannedForEncodings = 0;
			knownRegions = (
				en,
				Base,
			);
			mainGroup = 3440611526411BDB0074CAB2;
			productRefGroup = 3440611F26411BDC0074CAB2 /* Products */;
			projectDirPath = "";
			projectRoot = "";
			targets = (
				3440611D26411BDC0074CAB2 /* FoodDelivery */,
				3440612E26411BE40074CAB2 /* FoodDeliveryTests */,
				3440613926411BE40074CAB2 /* FoodDeliveryUITests */,
			);
		};
/* End PBXProject section */

/* Begin PBXResourcesBuildPhase section */
		3440611C26411BDC0074CAB2 /* Resources */ = {
			isa = PBXResourcesBuildPhase;
			buildActionMask = 2147483647;
			files = (
				3440612926411BE30074CAB2 /* Preview Assets.xcassets in Resources */,
				3440612626411BE30074CAB2 /* Assets.xcassets in Resources */,
			);
			runOnlyForDeploymentPostprocessing = 0;
		};
		3440612D26411BE40074CAB2 /* Resources */ = {
			isa = PBXResourcesBuildPhase;
			buildActionMask = 2147483647;
			files = (
			);
			runOnlyForDeploymentPostprocessing = 0;
		};
		3440613826411BE40074CAB2 /* Resources */ = {
			isa = PBXResourcesBuildPhase;
			buildActionMask = 2147483647;
			files = (
			);
			runOnlyForDeploymentPostprocessing = 0;
		};
/* End PBXResourcesBuildPhase section */

/* Begin PBXSourcesBuildPhase section */
		3440611A26411BDC0074CAB2 /* Sources */ = {
			isa = PBXSourcesBuildPhase;
			buildActionMask = 2147483647;
			files = (
				3440614E26411C500074CAB2 /* HomeView.swift in Sources */,
				344061512641205C0074CAB2 /* Bottles.swift in Sources */,
				3440612426411BDC0074CAB2 /* ContentView.swift in Sources */,
				34406155264127E80074CAB2 /* DetailView.swift in Sources */,
				3440612226411BDC0074CAB2 /* FoodDeliveryApp.swift in Sources */,
			);
			runOnlyForDeploymentPostprocessing = 0;
		};
		3440612B26411BE40074CAB2 /* Sources */ = {
			isa = PBXSourcesBuildPhase;
			buildActionMask = 2147483647;
			files = (
				3440613426411BE40074CAB2 /* FoodDeliveryTests.swift in Sources */,
			);
			runOnlyForDeploymentPostprocessing = 0;
		};
		3440613626411BE40074CAB2 /* Sources */ = {
			isa = PBXSourcesBuildPhase;
			buildActionMask = 2147483647;
			files = (
				3440613F26411BE40074CAB2 /* FoodDeliveryUITests.swift in Sources */,
			);
			runOnlyForDeploymentPostprocessing = 0;
		};
/* End PBXSourcesBuildPhase section */

/* Begin PBXTargetDependency section */
		3440613126411BE40074CAB2 /* PBXTargetDependency */ = {
			isa = PBXTargetDependency;
			target = 3440611D26411BDC0074CAB2 /* FoodDelivery */;
			targetProxy = 3440613026411BE40074CAB2 /* PBXContainerItemProxy */;
		};
		3440613C26411BE40074CAB2 /* PBXTargetDependency */ = {
			isa = PBXTargetDependency;
			target = 3440611D26411BDC0074CAB2 /* FoodDelivery */;
			targetProxy = 3440613B26411BE40074CAB2 /* PBXContainerItemProxy */;
		};
/* End PBXTargetDependency section */

/* Begin XCBuildConfiguration section */
		3440614126411BE40074CAB2 /* Debug */ = {
			isa = XCBuildConfiguration;
			buildSettings = {
				ALWAYS_SEARCH_USER_PATHS = NO;
				CLANG_ANALYZER_NONNULL = YES;
				CLANG_ANALYZER_NUMBER_OBJECT_CONVERSION = YES_AGGRESSIVE;
				CLANG_CXX_LANGUAGE_STANDARD = "gnu++14";
				CLANG_CXX_LIBRARY = "libc++";
				CLANG_ENABLE_MODULES = YES;
				CLANG_ENABLE_OBJC_ARC = YES;
				CLANG_ENABLE_OBJC_WEAK = YES;
				CLANG_WARN_BLOCK_CAPTURE_AUTORELEASING = YES;
				CLANG_WARN_BOOL_CONVERSION = YES;
				CLANG_WARN_COMMA = YES;
				CLANG_WARN_CONSTANT_CONVERSION = YES;
				CLANG_WARN_DEPRECATED_OBJC_IMPLEMENTATIONS = YES;
				CLANG_WARN_DIRECT_OBJC_ISA_USAGE = YES_ERROR;
				CLANG_WARN_DOCUMENTATION_COMMENTS = YES;
				CLANG_WARN_EMPTY_BODY = YES;
				CLANG_WARN_ENUM_CONVERSION = YES;
				CLANG_WARN_INFINITE_RECURSION = YES;
				CLANG_WARN_INT_CONVERSION = YES;
				CLANG_WARN_NON_LITERAL_NULL_CONVERSION = YES;
				CLANG_WARN_OBJC_IMPLICIT_RETAIN_SELF = YES;
				CLANG_WARN_OBJC_LITERAL_CONVERSION = YES;
				CLANG_WARN_OBJC_ROOT_CLASS = YES_ERROR;
				CLANG_WARN_QUOTED_INCLUDE_IN_FRAMEWORK_HEADER = YES;
				CLANG_WARN_RANGE_LOOP_ANALYSIS = YES;
				CLANG_WARN_STRICT_PROTOTYPES = YES;
				CLANG_WARN_SUSPICIOUS_MOVE = YES;
				CLANG_WARN_UNGUARDED_AVAILABILITY = YES_AGGRESSIVE;
				CLANG_WARN_UNREACHABLE_CODE = YES;
				CLANG_WARN__DUPLICATE_METHOD_MATCH = YES;
				COPY_PHASE_STRIP = NO;
				DEBUG_INFORMATION_FORMAT = dwarf;
				ENABLE_STRICT_OBJC_MSGSEND = YES;
				ENABLE_TESTABILITY = YES;
				GCC_C_LANGUAGE_STANDARD = gnu11;
				GCC_DYNAMIC_NO_PIC = NO;
				GCC_NO_COMMON_BLOCKS = YES;
				GCC_OPTIMIZATION_LEVEL = 0;
				GCC_PREPROCESSOR_DEFINITIONS = (
					"DEBUG=1",
					"$(inherited)",
				);
				GCC_WARN_64_TO_32_BIT_CONVERSION = YES;
				GCC_WARN_ABOUT_RETURN_TYPE = YES_ERROR;
				GCC_WARN_UNDECLARED_SELECTOR = YES;
				GCC_WARN_UNINITIALIZED_AUTOS = YES_AGGRESSIVE;
				GCC_WARN_UNUSED_FUNCTION = YES;
				GCC_WARN_UNUSED_VARIABLE = YES;
				IPHONEOS_DEPLOYMENT_TARGET = 14.5;
				MTL_ENABLE_DEBUG_INFO = INCLUDE_SOURCE;
				MTL_FAST_MATH = YES;
				ONLY_ACTIVE_ARCH = YES;
				SDKROOT = iphoneos;
				SWIFT_ACTIVE_COMPILATION_CONDITIONS = DEBUG;
				SWIFT_OPTIMIZATION_LEVEL = "-Onone";
			};
			name = Debug;
		};
		3440614226411BE40074CAB2 /* Release */ = {
			isa = XCBuildConfiguration;
			buildSettings = {
				ALWAYS_SEARCH_USER_PATHS = NO;
				CLANG_ANALYZER_NONNULL = YES;
				CLANG_ANALYZER_NUMBER_OBJECT_CONVERSION = YES_AGGRESSIVE;
				CLANG_CXX_LANGUAGE_STANDARD = "gnu++14";
				CLANG_CXX_LIBRARY = "libc++";
				CLANG_ENABLE_MODULES = YES;
				CLANG_ENABLE_OBJC_ARC = YES;
				CLANG_ENABLE_OBJC_WEAK = YES;
				CLANG_WARN_BLOCK_CAPTURE_AUTORELEASING = YES;
				CLANG_WARN_BOOL_CONVERSION = YES;
				CLANG_WARN_COMMA = YES;
				CLANG_WARN_CONSTANT_CONVERSION = YES;
				CLANG_WARN_DEPRECATED_OBJC_IMPLEMENTATIONS = YES;
				CLANG_WARN_DIRECT_OBJC_ISA_USAGE = YES_ERROR;
				CLANG_WARN_DOCUMENTATION_COMMENTS = YES;
				CLANG_WARN_EMPTY_BODY = YES;
				CLANG_WARN_ENUM_CONVERSION = YES;
				CLANG_WARN_INFINITE_RECURSION = YES;
				CLANG_WARN_INT_CONVERSION = YES;
				CLANG_WARN_NON_LITERAL_NULL_CONVERSION = YES;
				CLANG_WARN_OBJC_IMPLICIT_RETAIN_SELF = YES;
				CLANG_WARN_OBJC_LITERAL_CONVERSION = YES;
				CLANG_WARN_OBJC_ROOT_CLASS = YES_ERROR;
				CLANG_WARN_QUOTED_INCLUDE_IN_FRAMEWORK_HEADER = YES;
				CLANG_WARN_RANGE_LOOP_ANALYSIS = YES;
				CLANG_WARN_STRICT_PROTOTYPES = YES;
				CLANG_WARN_SUSPICIOUS_MOVE = YES;
				CLANG_WARN_UNGUARDED_AVAILABILITY = YES_AGGRESSIVE;
				CLANG_WARN_UNREACHABLE_CODE = YES;
				CLANG_WARN__DUPLICATE_METHOD_MATCH = YES;
				COPY_PHASE_STRIP = NO;
				DEBUG_INFORMATION_FORMAT = "dwarf-with-dsym";
				ENABLE_NS_ASSERTIONS = NO;
				ENABLE_STRICT_OBJC_MSGSEND = YES;
				GCC_C_LANGUAGE_STANDARD = gnu11;
				GCC_NO_COMMON_BLOCKS = YES;
				GCC_WARN_64_TO_32_BIT_CONVERSION = YES;
				GCC_WARN_ABOUT_RETURN_TYPE = YES_ERROR;
				GCC_WARN_UNDECLARED_SELECTOR = YES;
				GCC_WARN_UNINITIALIZED_AUTOS = YES_AGGRESSIVE;
				GCC_WARN_UNUSED_FUNCTION = YES;
				GCC_WARN_UNUSED_VARIABLE = YES;
				IPHONEOS_DEPLOYMENT_TARGET = 14.5;
				MTL_ENABLE_DEBUG_INFO = NO;
				MTL_FAST_MATH = YES;
				SDKROOT = iphoneos;
				SWIFT_COMPILATION_MODE = wholemodule;
				SWIFT_OPTIMIZATION_LEVEL = "-O";
				VALIDATE_PRODUCT = YES;
			};
			name = Release;
		};
		3440614426411BE40074CAB2 /* Debug */ = {
			isa = XCBuildConfiguration;
			buildSettings = {
				ASSETCATALOG_COMPILER_APPICON_NAME = AppIcon;
				ASSETCATALOG_COMPILER_GLOBAL_ACCENT_COLOR_NAME = AccentColor;
				CODE_SIGN_STYLE = Automatic;
				DEVELOPMENT_ASSET_PATHS = "\"FoodDelivery/Preview Content\"";
				DEVELOPMENT_TEAM = D2Q8VQ7WJZ;
				ENABLE_PREVIEWS = YES;
				INFOPLIST_FILE = FoodDelivery/Info.plist;
				IPHONEOS_DEPLOYMENT_TARGET = 14.0;
				LD_RUNPATH_SEARCH_PATHS = (
					"$(inherited)",
					"@executable_path/Frameworks",
				);
				PRODUCT_BUNDLE_IDENTIFIER = HuyThanDuc.FoodDelivery;
				PRODUCT_NAME = "$(TARGET_NAME)";
				SWIFT_VERSION = 5.0;
				TARGETED_DEVICE_FAMILY = "1,2";
			};
			name = Debug;
		};
		3440614526411BE40074CAB2 /* Release */ = {
			isa = XCBuildConfiguration;
			buildSettings = {
				ASSETCATALOG_COMPILER_APPICON_NAME = AppIcon;
				ASSETCATALOG_COMPILER_GLOBAL_ACCENT_COLOR_NAME = AccentColor;
				CODE_SIGN_STYLE = Automatic;
				DEVELOPMENT_ASSET_PATHS = "\"FoodDelivery/Preview Content\"";
				DEVELOPMENT_TEAM = D2Q8VQ7WJZ;
				ENABLE_PREVIEWS = YES;
				INFOPLIST_FILE = FoodDelivery/Info.plist;
				IPHONEOS_DEPLOYMENT_TARGET = 14.0;
				LD_RUNPATH_SEARCH_PATHS = (
					"$(inherited)",
					"@executable_path/Frameworks",
				);
				PRODUCT_BUNDLE_IDENTIFIER = HuyThanDuc.FoodDelivery;
				PRODUCT_NAME = "$(TARGET_NAME)";
				SWIFT_VERSION = 5.0;
				TARGETED_DEVICE_FAMILY = "1,2";
			};
			name = Release;
		};
		3440614726411BE40074CAB2 /* Debug */ = {
			isa = XCBuildConfiguration;
			buildSettings = {
				ALWAYS_EMBED_SWIFT_STANDARD_LIBRARIES = YES;
				BUNDLE_LOADER = "$(TEST_HOST)";
				CODE_SIGN_STYLE = Automatic;
				DEVELOPMENT_TEAM = D2Q8VQ7WJZ;
				INFOPLIST_FILE = FoodDeliveryTests/Info.plist;
				IPHONEOS_DEPLOYMENT_TARGET = 14.0;
				LD_RUNPATH_SEARCH_PATHS = (
					"$(inherited)",
					"@executable_path/Frameworks",
					"@loader_path/Frameworks",
				);
				PRODUCT_BUNDLE_IDENTIFIER = HuyThanDuc.FoodDeliveryTests;
				PRODUCT_NAME = "$(TARGET_NAME)";
				SWIFT_VERSION = 5.0;
				TARGETED_DEVICE_FAMILY = "1,2";
				TEST_HOST = "$(BUILT_PRODUCTS_DIR)/FoodDelivery.app/FoodDelivery";
			};
			name = Debug;
		};
		3440614826411BE40074CAB2 /* Release */ = {
			isa = XCBuildConfiguration;
			buildSettings = {
				ALWAYS_EMBED_SWIFT_STANDARD_LIBRARIES = YES;
				BUNDLE_LOADER = "$(TEST_HOST)";
				CODE_SIGN_STYLE = Automatic;
				DEVELOPMENT_TEAM = D2Q8VQ7WJZ;
				INFOPLIST_FILE = FoodDeliveryTests/Info.plist;
				IPHONEOS_DEPLOYMENT_TARGET = 14.0;
				LD_RUNPATH_SEARCH_PATHS = (
					"$(inherited)",
					"@executable_path/Frameworks",
					"@loader_path/Frameworks",
				);
				PRODUCT_BUNDLE_IDENTIFIER = HuyThanDuc.FoodDeliveryTests;
				PRODUCT_NAME = "$(TARGET_NAME)";
				SWIFT_VERSION = 5.0;
				TARGETED_DEVICE_FAMILY = "1,2";
				TEST_HOST = "$(BUILT_PRODUCTS_DIR)/FoodDelivery.app/FoodDelivery";
			};
			name = Release;
		};
		3440614A26411BE40074CAB2 /* Debug */ = {
			isa = XCBuildConfiguration;
			buildSettings = {
				ALWAYS_EMBED_SWIFT_STANDARD_LIBRARIES = YES;
				CODE_SIGN_STYLE = Automatic;
				DEVELOPMENT_TEAM = D2Q8VQ7WJZ;
				INFOPLIST_FILE = FoodDeliveryUITests/Info.plist;
				LD_RUNPATH_SEARCH_PATHS = (
					"$(inherited)",
					"@executable_path/Frameworks",
					"@loader_path/Frameworks",
				);
				PRODUCT_BUNDLE_IDENTIFIER = HuyThanDuc.FoodDeliveryUITests;
				PRODUCT_NAME = "$(TARGET_NAME)";
				SWIFT_VERSION = 5.0;
				TARGETED_DEVICE_FAMILY = "1,2";
				TEST_TARGET_NAME = FoodDelivery;
			};
			name = Debug;
		};
		3440614B26411BE40074CAB2 /* Release */ = {
			isa = XCBuildConfiguration;
			buildSettings = {
				ALWAYS_EMBED_SWIFT_STANDARD_LIBRARIES = YES;
				CODE_SIGN_STYLE = Automatic;
				DEVELOPMENT_TEAM = D2Q8VQ7WJZ;
				INFOPLIST_FILE = FoodDeliveryUITests/Info.plist;
				LD_RUNPATH_SEARCH_PATHS = (
					"$(inherited)",
					"@executable_path/Frameworks",
					"@loader_path/Frameworks",
				);
				PRODUCT_BUNDLE_IDENTIFIER = HuyThanDuc.FoodDeliveryUITests;
				PRODUCT_NAME = "$(TARGET_NAME)";
				SWIFT_VERSION = 5.0;
				TARGETED_DEVICE_FAMILY = "1,2";
				TEST_TARGET_NAME = FoodDelivery;
			};
			name = Release;
		};
/* End XCBuildConfiguration section */

/* Begin XCConfigurationList section */
		3440611926411BDB0074CAB2 /* Build configuration list for PBXProject "FoodDelivery" */ = {
			isa = XCConfigurationList;
			buildConfigurations = (
				3440614126411BE40074CAB2 /* Debug */,
				3440614226411BE40074CAB2 /* Release */,
			);
			defaultConfigurationIsVisible = 0;
			defaultConfigurationName = Release;
		};
		3440614326411BE40074CAB2 /* Build configuration list for PBXNativeTarget "FoodDelivery" */ = {
			isa = XCConfigurationList;
			buildConfigurations = (
				3440614426411BE40074CAB2 /* Debug */,
				3440614526411BE40074CAB2 /* Release */,
			);
			defaultConfigurationIsVisible = 0;
			defaultConfigurationName = Release;
		};
		3440614626411BE40074CAB2 /* Build configuration list for PBXNativeTarget "FoodDeliveryTests" */ = {
			isa = XCConfigurationList;
			buildConfigurations = (
				3440614726411BE40074CAB2 /* Debug */,
				3440614826411BE40074CAB2 /* Release */,
			);
			defaultConfigurationIsVisible = 0;
			defaultConfigurationName = Release;
		};
		3440614926411BE40074CAB2 /* Build configuration list for PBXNativeTarget "FoodDeliveryUITests" */ = {
			isa = XCConfigurationList;
			buildConfigurations = (
				3440614A26411BE40074CAB2 /* Debug */,
				3440614B26411BE40074CAB2 /* Release */,
			);
			defaultConfigurationIsVisible = 0;
			defaultConfigurationName = Release;
		};
/* End XCConfigurationList section */
	};
	rootObject = 3440611626411BDB0074CAB2 /* Project object */;
}
